// !$*UTF8*$!
{
	archiveVersion = 1;
	classes = {
	};
	objectVersion = 46;
	objects = {

/* Begin PBXBuildFile section */
		2E76EB5C1E1E5B71000FAE0A /* clear.png in Resources */ = {isa = PBXBuildFile; fileRef = 2E76EB5B1E1E5B71000FAE0A /* clear.png */; };
		2E9937BA1E1E5A590005D209 /* earth.png in Resources */ = {isa = PBXBuildFile; fileRef = 2E9937B91E1E5A590005D209 /* earth.png */; };
		2E9937BC1E1E5A8B0005D209 /* unvalid.png in Resources */ = {isa = PBXBuildFile; fileRef = 2E9937BB1E1E5A8B0005D209 /* unvalid.png */; };
		2E9937BE1E1E5A900005D209 /* valid.png in Resources */ = {isa = PBXBuildFile; fileRef = 2E9937BD1E1E5A900005D209 /* valid.png */; };
		2EAB7DE51E1E923A00B3BB57 /* DPBorderIconTextFieldPasswordTests.m in Sources */ = {isa = PBXBuildFile; fileRef = 2EAB7DE41E1E923A00B3BB57 /* DPBorderIconTextFieldPasswordTests.m */; };
		2EBCB42C1E1D5FFF005573D0 /* DPBorderIconTextFieldRightIconTests.m in Sources */ = {isa = PBXBuildFile; fileRef = 2EBCB42B1E1D5FFF005573D0 /* DPBorderIconTextFieldRightIconTests.m */; };
		2EC1D0E41E0C25670087A8B1 /* main.m in Sources */ = {isa = PBXBuildFile; fileRef = 2EC1D0E31E0C25670087A8B1 /* main.m */; };
		2EC1D0E71E0C25670087A8B1 /* AppDelegate.m in Sources */ = {isa = PBXBuildFile; fileRef = 2EC1D0E61E0C25670087A8B1 /* AppDelegate.m */; };
		2EC1D0EF1E0C25670087A8B1 /* Assets.xcassets in Resources */ = {isa = PBXBuildFile; fileRef = 2EC1D0EE1E0C25670087A8B1 /* Assets.xcassets */; };
		2EC1D0F21E0C25670087A8B1 /* LaunchScreen.storyboard in Resources */ = {isa = PBXBuildFile; fileRef = 2EC1D0F01E0C25670087A8B1 /* LaunchScreen.storyboard */; };
		2EC1D0FD1E0C25670087A8B1 /* DPBorderIconTextFieldTests.m in Sources */ = {isa = PBXBuildFile; fileRef = 2EC1D0FC1E0C25670087A8B1 /* DPBorderIconTextFieldTests.m */; };
		2EC1D1081E0C25670087A8B1 /* DPBorderIconTextFieldUITests.m in Sources */ = {isa = PBXBuildFile; fileRef = 2EC1D1071E0C25670087A8B1 /* DPBorderIconTextFieldUITests.m */; };
		2EC1D1181E0C25A80087A8B1 /* DPBorderIconTextField.m in Sources */ = {isa = PBXBuildFile; fileRef = 2EC1D1171E0C25A80087A8B1 /* DPBorderIconTextField.m */; };
		2EC1D11C1E0C26560087A8B1 /* DummyViewController.m in Sources */ = {isa = PBXBuildFile; fileRef = 2EC1D11A1E0C26560087A8B1 /* DummyViewController.m */; };
		2EC1D11D1E0C26560087A8B1 /* DummyViewController.xib in Resources */ = {isa = PBXBuildFile; fileRef = 2EC1D11B1E0C26560087A8B1 /* DummyViewController.xib */; };
		2EC1D1201E0C2D430087A8B1 /* lock.png in Resources */ = {isa = PBXBuildFile; fileRef = 2EC1D11F1E0C2D430087A8B1 /* lock.png */; };
		2EC1D1211E0C2D430087A8B1 /* lock.png in Resources */ = {isa = PBXBuildFile; fileRef = 2EC1D11F1E0C2D430087A8B1 /* lock.png */; };
		2EC1D1231E0C2F820087A8B1 /* unlock.png in Resources */ = {isa = PBXBuildFile; fileRef = 2EC1D1221E0C2F820087A8B1 /* unlock.png */; };
		2EC1D1241E0C2F820087A8B1 /* unlock.png in Resources */ = {isa = PBXBuildFile; fileRef = 2EC1D1221E0C2F820087A8B1 /* unlock.png */; };
		BD2D5092056CB0686752BC68 /* Pods_DPBorderIconTextFieldTests.framework in Frameworks */ = {isa = PBXBuildFile; fileRef = EEA0FC08B044CC4B30404F97 /* Pods_DPBorderIconTextFieldTests.framework */; };
		BD9ABDF69C8748E04B9AAD01 /* Pods_DPBorderIconTextField.framework in Frameworks */ = {isa = PBXBuildFile; fileRef = 191EE53DB3D4EBCF8E17AFCD /* Pods_DPBorderIconTextField.framework */; };
		C6ABF28E8D1BB70822F5FD1F /* Pods_DPBorderIconTextFieldUITests.framework in Frameworks */ = {isa = PBXBuildFile; fileRef = DE8A37A742D7A08614E74761 /* Pods_DPBorderIconTextFieldUITests.framework */; };
/* End PBXBuildFile section */

/* Begin PBXContainerItemProxy section */
		2EBC2BAB1F320A7C00F85875 /* PBXContainerItemProxy */ = {
			isa = PBXContainerItemProxy;
			containerPortal = 2EC1D0D71E0C25670087A8B1 /* Project object */;
			proxyType = 1;
			remoteGlobalIDString = 2EC1D0DE1E0C25670087A8B1;
			remoteInfo = DPBorderIconTextField;
		};
		2EC1D1041E0C25670087A8B1 /* PBXContainerItemProxy */ = {
			isa = PBXContainerItemProxy;
			containerPortal = 2EC1D0D71E0C25670087A8B1 /* Project object */;
			proxyType = 1;
			remoteGlobalIDString = 2EC1D0DE1E0C25670087A8B1;
			remoteInfo = DPBorderIconTextField;
		};
/* End PBXContainerItemProxy section */

/* Begin PBXFileReference section */
		05224047A244B482805717AE /* Pods-DPBorderIconTextField.release.xcconfig */ = {isa = PBXFileReference; includeInIndex = 1; lastKnownFileType = text.xcconfig; name = "Pods-DPBorderIconTextField.release.xcconfig"; path = "Pods/Target Support Files/Pods-DPBorderIconTextField/Pods-DPBorderIconTextField.release.xcconfig"; sourceTree = "<group>"; };
		0F0938318B943C5AF78EEDAA /* Pods-DPBorderIconTextFieldUITests.release.xcconfig */ = {isa = PBXFileReference; includeInIndex = 1; lastKnownFileType = text.xcconfig; name = "Pods-DPBorderIconTextFieldUITests.release.xcconfig"; path = "Pods/Target Support Files/Pods-DPBorderIconTextFieldUITests/Pods-DPBorderIconTextFieldUITests.release.xcconfig"; sourceTree = "<group>"; };
		191EE53DB3D4EBCF8E17AFCD /* Pods_DPBorderIconTextField.framework */ = {isa = PBXFileReference; explicitFileType = wrapper.framework; includeInIndex = 0; path = Pods_DPBorderIconTextField.framework; sourceTree = BUILT_PRODUCTS_DIR; };
		2E76EB5B1E1E5B71000FAE0A /* clear.png */ = {isa = PBXFileReference; lastKnownFileType = image.png; path = clear.png; sourceTree = "<group>"; };
		2E9937B91E1E5A590005D209 /* earth.png */ = {isa = PBXFileReference; lastKnownFileType = image.png; path = earth.png; sourceTree = "<group>"; };
		2E9937BB1E1E5A8B0005D209 /* unvalid.png */ = {isa = PBXFileReference; lastKnownFileType = image.png; path = unvalid.png; sourceTree = "<group>"; };
		2E9937BD1E1E5A900005D209 /* valid.png */ = {isa = PBXFileReference; lastKnownFileType = image.png; path = valid.png; sourceTree = "<group>"; };
		2EAB7DE41E1E923A00B3BB57 /* DPBorderIconTextFieldPasswordTests.m */ = {isa = PBXFileReference; fileEncoding = 4; lastKnownFileType = sourcecode.c.objc; path = DPBorderIconTextFieldPasswordTests.m; sourceTree = "<group>"; };
		2EBCB42B1E1D5FFF005573D0 /* DPBorderIconTextFieldRightIconTests.m */ = {isa = PBXFileReference; fileEncoding = 4; lastKnownFileType = sourcecode.c.objc; path = DPBorderIconTextFieldRightIconTests.m; sourceTree = "<group>"; };
		2EC1D0DF1E0C25670087A8B1 /* DPBorderIconTextField.app */ = {isa = PBXFileReference; explicitFileType = wrapper.application; includeInIndex = 0; path = DPBorderIconTextField.app; sourceTree = BUILT_PRODUCTS_DIR; };
		2EC1D0E31E0C25670087A8B1 /* main.m */ = {isa = PBXFileReference; lastKnownFileType = sourcecode.c.objc; path = main.m; sourceTree = "<group>"; };
		2EC1D0E51E0C25670087A8B1 /* AppDelegate.h */ = {isa = PBXFileReference; lastKnownFileType = sourcecode.c.h; path = AppDelegate.h; sourceTree = "<group>"; };
		2EC1D0E61E0C25670087A8B1 /* AppDelegate.m */ = {isa = PBXFileReference; lastKnownFileType = sourcecode.c.objc; path = AppDelegate.m; sourceTree = "<group>"; };
		2EC1D0EE1E0C25670087A8B1 /* Assets.xcassets */ = {isa = PBXFileReference; lastKnownFileType = folder.assetcatalog; path = Assets.xcassets; sourceTree = "<group>"; };
		2EC1D0F11E0C25670087A8B1 /* Base */ = {isa = PBXFileReference; lastKnownFileType = file.storyboard; name = Base; path = Base.lproj/LaunchScreen.storyboard; sourceTree = "<group>"; };
		2EC1D0F31E0C25670087A8B1 /* Info.plist */ = {isa = PBXFileReference; lastKnownFileType = text.plist.xml; path = Info.plist; sourceTree = "<group>"; };
		2EC1D0F81E0C25670087A8B1 /* DPBorderIconTextFieldTests.xctest */ = {isa = PBXFileReference; explicitFileType = wrapper.cfbundle; includeInIndex = 0; path = DPBorderIconTextFieldTests.xctest; sourceTree = BUILT_PRODUCTS_DIR; };
		2EC1D0FC1E0C25670087A8B1 /* DPBorderIconTextFieldTests.m */ = {isa = PBXFileReference; lastKnownFileType = sourcecode.c.objc; path = DPBorderIconTextFieldTests.m; sourceTree = "<group>"; };
		2EC1D0FE1E0C25670087A8B1 /* Info.plist */ = {isa = PBXFileReference; lastKnownFileType = text.plist.xml; path = Info.plist; sourceTree = "<group>"; };
		2EC1D1031E0C25670087A8B1 /* DPBorderIconTextFieldUITests.xctest */ = {isa = PBXFileReference; explicitFileType = wrapper.cfbundle; includeInIndex = 0; path = DPBorderIconTextFieldUITests.xctest; sourceTree = BUILT_PRODUCTS_DIR; };
		2EC1D1071E0C25670087A8B1 /* DPBorderIconTextFieldUITests.m */ = {isa = PBXFileReference; lastKnownFileType = sourcecode.c.objc; path = DPBorderIconTextFieldUITests.m; sourceTree = "<group>"; };
		2EC1D1091E0C25670087A8B1 /* Info.plist */ = {isa = PBXFileReference; lastKnownFileType = text.plist.xml; path = Info.plist; sourceTree = "<group>"; };
		2EC1D1161E0C25A80087A8B1 /* DPBorderIconTextField.h */ = {isa = PBXFileReference; fileEncoding = 4; lastKnownFileType = sourcecode.c.h; path = DPBorderIconTextField.h; sourceTree = "<group>"; };
		2EC1D1171E0C25A80087A8B1 /* DPBorderIconTextField.m */ = {isa = PBXFileReference; fileEncoding = 4; lastKnownFileType = sourcecode.c.objc; path = DPBorderIconTextField.m; sourceTree = "<group>"; };
		2EC1D1191E0C26560087A8B1 /* DummyViewController.h */ = {isa = PBXFileReference; fileEncoding = 4; lastKnownFileType = sourcecode.c.h; path = DummyViewController.h; sourceTree = "<group>"; };
		2EC1D11A1E0C26560087A8B1 /* DummyViewController.m */ = {isa = PBXFileReference; fileEncoding = 4; lastKnownFileType = sourcecode.c.objc; path = DummyViewController.m; sourceTree = "<group>"; };
		2EC1D11B1E0C26560087A8B1 /* DummyViewController.xib */ = {isa = PBXFileReference; fileEncoding = 4; lastKnownFileType = file.xib; path = DummyViewController.xib; sourceTree = "<group>"; };
		2EC1D11F1E0C2D430087A8B1 /* lock.png */ = {isa = PBXFileReference; lastKnownFileType = image.png; path = lock.png; sourceTree = "<group>"; };
		2EC1D1221E0C2F820087A8B1 /* unlock.png */ = {isa = PBXFileReference; lastKnownFileType = image.png; path = unlock.png; sourceTree = "<group>"; };
		308A0356E2D65817F77B4011 /* Pods_DPBorderIconTextField_DPBorderIconTextFieldTests.framework */ = {isa = PBXFileReference; explicitFileType = wrapper.framework; includeInIndex = 0; path = Pods_DPBorderIconTextField_DPBorderIconTextFieldTests.framework; sourceTree = BUILT_PRODUCTS_DIR; };
		34E31E85FEEDDD851D5CBE0E /* Pods-DPBorderIconTextFieldUITests.debug.xcconfig */ = {isa = PBXFileReference; includeInIndex = 1; lastKnownFileType = text.xcconfig; name = "Pods-DPBorderIconTextFieldUITests.debug.xcconfig"; path = "Pods/Target Support Files/Pods-DPBorderIconTextFieldUITests/Pods-DPBorderIconTextFieldUITests.debug.xcconfig"; sourceTree = "<group>"; };
		91F82CEAE7DEDF1EE586E8FB /* Pods-DPBorderIconTextFieldTests.release.xcconfig */ = {isa = PBXFileReference; includeInIndex = 1; lastKnownFileType = text.xcconfig; name = "Pods-DPBorderIconTextFieldTests.release.xcconfig"; path = "Pods/Target Support Files/Pods-DPBorderIconTextFieldTests/Pods-DPBorderIconTextFieldTests.release.xcconfig"; sourceTree = "<group>"; };
		CB9630C90BF49EAB8344ED6B /* Pods-DPBorderIconTextField.debug.xcconfig */ = {isa = PBXFileReference; includeInIndex = 1; lastKnownFileType = text.xcconfig; name = "Pods-DPBorderIconTextField.debug.xcconfig"; path = "Pods/Target Support Files/Pods-DPBorderIconTextField/Pods-DPBorderIconTextField.debug.xcconfig"; sourceTree = "<group>"; };
		CE522566CADBF9008D39FD64 /* Pods_DPBorderIconTextField_DPBorderIconTextFieldUITests.framework */ = {isa = PBXFileReference; explicitFileType = wrapper.framework; includeInIndex = 0; path = Pods_DPBorderIconTextField_DPBorderIconTextFieldUITests.framework; sourceTree = BUILT_PRODUCTS_DIR; };
		DE8A37A742D7A08614E74761 /* Pods_DPBorderIconTextFieldUITests.framework */ = {isa = PBXFileReference; explicitFileType = wrapper.framework; includeInIndex = 0; path = Pods_DPBorderIconTextFieldUITests.framework; sourceTree = BUILT_PRODUCTS_DIR; };
		E6977EA5F24CD1199258F9F1 /* Pods-DPBorderIconTextFieldTests.debug.xcconfig */ = {isa = PBXFileReference; includeInIndex = 1; lastKnownFileType = text.xcconfig; name = "Pods-DPBorderIconTextFieldTests.debug.xcconfig"; path = "Pods/Target Support Files/Pods-DPBorderIconTextFieldTests/Pods-DPBorderIconTextFieldTests.debug.xcconfig"; sourceTree = "<group>"; };
		EEA0FC08B044CC4B30404F97 /* Pods_DPBorderIconTextFieldTests.framework */ = {isa = PBXFileReference; explicitFileType = wrapper.framework; includeInIndex = 0; path = Pods_DPBorderIconTextFieldTests.framework; sourceTree = BUILT_PRODUCTS_DIR; };
/* End PBXFileReference section */

/* Begin PBXFrameworksBuildPhase section */
		2EC1D0DC1E0C25670087A8B1 /* Frameworks */ = {
			isa = PBXFrameworksBuildPhase;
			buildActionMask = 2147483647;
			files = (
				BD9ABDF69C8748E04B9AAD01 /* Pods_DPBorderIconTextField.framework in Frameworks */,
			);
			runOnlyForDeploymentPostprocessing = 0;
		};
		2EC1D0F51E0C25670087A8B1 /* Frameworks */ = {
			isa = PBXFrameworksBuildPhase;
			buildActionMask = 2147483647;
			files = (
				BD2D5092056CB0686752BC68 /* Pods_DPBorderIconTextFieldTests.framework in Frameworks */,
			);
			runOnlyForDeploymentPostprocessing = 0;
		};
		2EC1D1001E0C25670087A8B1 /* Frameworks */ = {
			isa = PBXFrameworksBuildPhase;
			buildActionMask = 2147483647;
			files = (
				C6ABF28E8D1BB70822F5FD1F /* Pods_DPBorderIconTextFieldUITests.framework in Frameworks */,
			);
			runOnlyForDeploymentPostprocessing = 0;
		};
/* End PBXFrameworksBuildPhase section */

/* Begin PBXGroup section */
		12FBB35A0FC920FED91DBA2F /* Pods */ = {
			isa = PBXGroup;
			children = (
				CB9630C90BF49EAB8344ED6B /* Pods-DPBorderIconTextField.debug.xcconfig */,
				05224047A244B482805717AE /* Pods-DPBorderIconTextField.release.xcconfig */,
				E6977EA5F24CD1199258F9F1 /* Pods-DPBorderIconTextFieldTests.debug.xcconfig */,
				91F82CEAE7DEDF1EE586E8FB /* Pods-DPBorderIconTextFieldTests.release.xcconfig */,
				34E31E85FEEDDD851D5CBE0E /* Pods-DPBorderIconTextFieldUITests.debug.xcconfig */,
				0F0938318B943C5AF78EEDAA /* Pods-DPBorderIconTextFieldUITests.release.xcconfig */,
			);
			name = Pods;
			sourceTree = "<group>";
		};
		2E76EB5D1E1E5B74000FAE0A /* TestIcons */ = {
			isa = PBXGroup;
			children = (
				2EC1D11F1E0C2D430087A8B1 /* lock.png */,
				2EC1D1221E0C2F820087A8B1 /* unlock.png */,
				2E9937B91E1E5A590005D209 /* earth.png */,
				2E9937BB1E1E5A8B0005D209 /* unvalid.png */,
				2E9937BD1E1E5A900005D209 /* valid.png */,
				2E76EB5B1E1E5B71000FAE0A /* clear.png */,
			);
			name = TestIcons;
			sourceTree = "<group>";
		};
		2EC1D0D61E0C25670087A8B1 = {
			isa = PBXGroup;
			children = (
				2EC1D0E11E0C25670087A8B1 /* DPBorderIconTextField */,
				2EC1D0FB1E0C25670087A8B1 /* DPBorderIconTextFieldTests */,
				2EC1D1061E0C25670087A8B1 /* DPBorderIconTextFieldUITests */,
				2EC1D0E01E0C25670087A8B1 /* Products */,
				12FBB35A0FC920FED91DBA2F /* Pods */,
				35871A95E3D40E8A9EB01E90 /* Frameworks */,
			);
			sourceTree = "<group>";
		};
		2EC1D0E01E0C25670087A8B1 /* Products */ = {
			isa = PBXGroup;
			children = (
				2EC1D0DF1E0C25670087A8B1 /* DPBorderIconTextField.app */,
				2EC1D0F81E0C25670087A8B1 /* DPBorderIconTextFieldTests.xctest */,
				2EC1D1031E0C25670087A8B1 /* DPBorderIconTextFieldUITests.xctest */,
			);
			name = Products;
			sourceTree = "<group>";
		};
		2EC1D0E11E0C25670087A8B1 /* DPBorderIconTextField */ = {
			isa = PBXGroup;
			children = (
				2EC1D0E51E0C25670087A8B1 /* AppDelegate.h */,
				2EC1D0E61E0C25670087A8B1 /* AppDelegate.m */,
				2EC1D11E1E0C265E0087A8B1 /* DummyViewController */,
				2EC1D1151E0C25880087A8B1 /* DPBorderIconTextField */,
				2EC1D0EE1E0C25670087A8B1 /* Assets.xcassets */,
				2EC1D0F01E0C25670087A8B1 /* LaunchScreen.storyboard */,
				2EC1D0F31E0C25670087A8B1 /* Info.plist */,
				2E76EB5D1E1E5B74000FAE0A /* TestIcons */,
				2EC1D0E21E0C25670087A8B1 /* Supporting Files */,
			);
			path = DPBorderIconTextField;
			sourceTree = "<group>";
		};
		2EC1D0E21E0C25670087A8B1 /* Supporting Files */ = {
			isa = PBXGroup;
			children = (
				2EC1D0E31E0C25670087A8B1 /* main.m */,
			);
			name = "Supporting Files";
			sourceTree = "<group>";
		};
		2EC1D0FB1E0C25670087A8B1 /* DPBorderIconTextFieldTests */ = {
			isa = PBXGroup;
			children = (
				2EC1D0FC1E0C25670087A8B1 /* DPBorderIconTextFieldTests.m */,
				2EBCB42B1E1D5FFF005573D0 /* DPBorderIconTextFieldRightIconTests.m */,
				2EAB7DE41E1E923A00B3BB57 /* DPBorderIconTextFieldPasswordTests.m */,
				2EC1D0FE1E0C25670087A8B1 /* Info.plist */,
			);
			path = DPBorderIconTextFieldTests;
			sourceTree = "<group>";
		};
		2EC1D1061E0C25670087A8B1 /* DPBorderIconTextFieldUITests */ = {
			isa = PBXGroup;
			children = (
				2EC1D1071E0C25670087A8B1 /* DPBorderIconTextFieldUITests.m */,
				2EC1D1091E0C25670087A8B1 /* Info.plist */,
			);
			path = DPBorderIconTextFieldUITests;
			sourceTree = "<group>";
		};
		2EC1D1151E0C25880087A8B1 /* DPBorderIconTextField */ = {
			isa = PBXGroup;
			children = (
				2EC1D1161E0C25A80087A8B1 /* DPBorderIconTextField.h */,
				2EC1D1171E0C25A80087A8B1 /* DPBorderIconTextField.m */,
			);
			path = DPBorderIconTextField;
			sourceTree = "<group>";
		};
		2EC1D11E1E0C265E0087A8B1 /* DummyViewController */ = {
			isa = PBXGroup;
			children = (
				2EC1D1191E0C26560087A8B1 /* DummyViewController.h */,
				2EC1D11A1E0C26560087A8B1 /* DummyViewController.m */,
				2EC1D11B1E0C26560087A8B1 /* DummyViewController.xib */,
			);
			name = DummyViewController;
			sourceTree = "<group>";
		};
		35871A95E3D40E8A9EB01E90 /* Frameworks */ = {
			isa = PBXGroup;
			children = (
				308A0356E2D65817F77B4011 /* Pods_DPBorderIconTextField_DPBorderIconTextFieldTests.framework */,
				CE522566CADBF9008D39FD64 /* Pods_DPBorderIconTextField_DPBorderIconTextFieldUITests.framework */,
				191EE53DB3D4EBCF8E17AFCD /* Pods_DPBorderIconTextField.framework */,
				EEA0FC08B044CC4B30404F97 /* Pods_DPBorderIconTextFieldTests.framework */,
				DE8A37A742D7A08614E74761 /* Pods_DPBorderIconTextFieldUITests.framework */,
			);
			name = Frameworks;
			sourceTree = "<group>";
		};
/* End PBXGroup section */

/* Begin PBXNativeTarget section */
		2EC1D0DE1E0C25670087A8B1 /* DPBorderIconTextField */ = {
			isa = PBXNativeTarget;
			buildConfigurationList = 2EC1D10C1E0C25670087A8B1 /* Build configuration list for PBXNativeTarget "DPBorderIconTextField" */;
			buildPhases = (
				5E342D7297614AFDF6C40EA4 /* [CP] Check Pods Manifest.lock */,
				2EC1D0DB1E0C25670087A8B1 /* Sources */,
				2EC1D0DC1E0C25670087A8B1 /* Frameworks */,
				2EC1D0DD1E0C25670087A8B1 /* Resources */,
				9FC3E77043E68464DCE5BB5E /* [CP] Embed Pods Frameworks */,
				DE9245E7480F90F3B3E7A59E /* [CP] Copy Pods Resources */,
			);
			buildRules = (
			);
			dependencies = (
			);
			name = DPBorderIconTextField;
			productName = DPBorderIconTextField;
			productReference = 2EC1D0DF1E0C25670087A8B1 /* DPBorderIconTextField.app */;
			productType = "com.apple.product-type.application";
		};
		2EC1D0F71E0C25670087A8B1 /* DPBorderIconTextFieldTests */ = {
			isa = PBXNativeTarget;
			buildConfigurationList = 2EC1D10F1E0C25670087A8B1 /* Build configuration list for PBXNativeTarget "DPBorderIconTextFieldTests" */;
			buildPhases = (
				AEFC03CC44D0323DDFFCC248 /* [CP] Check Pods Manifest.lock */,
				2EC1D0F41E0C25670087A8B1 /* Sources */,
				2EC1D0F51E0C25670087A8B1 /* Frameworks */,
				2EC1D0F61E0C25670087A8B1 /* Resources */,
				3596FF8119F35297DEA6F664 /* [CP] Embed Pods Frameworks */,
				41D8D1F2C924ECABFC05E185 /* [CP] Copy Pods Resources */,
			);
			buildRules = (
			);
			dependencies = (
				2EBC2BAC1F320A7C00F85875 /* PBXTargetDependency */,
			);
			name = DPBorderIconTextFieldTests;
			productName = DPBorderIconTextFieldTests;
			productReference = 2EC1D0F81E0C25670087A8B1 /* DPBorderIconTextFieldTests.xctest */;
			productType = "com.apple.product-type.bundle.unit-test";
		};
		2EC1D1021E0C25670087A8B1 /* DPBorderIconTextFieldUITests */ = {
			isa = PBXNativeTarget;
			buildConfigurationList = 2EC1D1121E0C25670087A8B1 /* Build configuration list for PBXNativeTarget "DPBorderIconTextFieldUITests" */;
			buildPhases = (
				5FC9EBCD3E2630E9E73413DC /* [CP] Check Pods Manifest.lock */,
				2EC1D0FF1E0C25670087A8B1 /* Sources */,
				2EC1D1001E0C25670087A8B1 /* Frameworks */,
				2EC1D1011E0C25670087A8B1 /* Resources */,
				D3AFCB0DE2E2C7BDF3C37945 /* [CP] Copy Pods Resources */,
				6A8D3D66FDD0307B39754895 /* [CP] Embed Pods Frameworks */,
			);
			buildRules = (
			);
			dependencies = (
				2EC1D1051E0C25670087A8B1 /* PBXTargetDependency */,
			);
			name = DPBorderIconTextFieldUITests;
			productName = DPBorderIconTextFieldUITests;
			productReference = 2EC1D1031E0C25670087A8B1 /* DPBorderIconTextFieldUITests.xctest */;
			productType = "com.apple.product-type.bundle.ui-testing";
		};
/* End PBXNativeTarget section */

/* Begin PBXProject section */
		2EC1D0D71E0C25670087A8B1 /* Project object */ = {
			isa = PBXProject;
			attributes = {
				LastUpgradeCheck = 0820;
				ORGANIZATIONNAME = "Kostas Antonopoulos";
				TargetAttributes = {
					2EC1D0DE1E0C25670087A8B1 = {
						CreatedOnToolsVersion = 8.2;
						DevelopmentTeam = TK39262Y4K;
						ProvisioningStyle = Automatic;
					};
					2EC1D0F71E0C25670087A8B1 = {
						CreatedOnToolsVersion = 8.2;
						ProvisioningStyle = Manual;
						TestTargetID = 2EC1D0DE1E0C25670087A8B1;
					};
					2EC1D1021E0C25670087A8B1 = {
						CreatedOnToolsVersion = 8.2;
						DevelopmentTeam = TK39262Y4K;
						ProvisioningStyle = Automatic;
						TestTargetID = 2EC1D0DE1E0C25670087A8B1;
					};
				};
			};
			buildConfigurationList = 2EC1D0DA1E0C25670087A8B1 /* Build configuration list for PBXProject "DPBorderIconTextField" */;
			compatibilityVersion = "Xcode 3.2";
			developmentRegion = English;
			hasScannedForEncodings = 0;
			knownRegions = (
				en,
				Base,
			);
			mainGroup = 2EC1D0D61E0C25670087A8B1;
			productRefGroup = 2EC1D0E01E0C25670087A8B1 /* Products */;
			projectDirPath = "";
			projectRoot = "";
			targets = (
				2EC1D0DE1E0C25670087A8B1 /* DPBorderIconTextField */,
				2EC1D0F71E0C25670087A8B1 /* DPBorderIconTextFieldTests */,
				2EC1D1021E0C25670087A8B1 /* DPBorderIconTextFieldUITests */,
			);
		};
/* End PBXProject section */

/* Begin PBXResourcesBuildPhase section */
		2EC1D0DD1E0C25670087A8B1 /* Resources */ = {
			isa = PBXResourcesBuildPhase;
			buildActionMask = 2147483647;
			files = (
				2E76EB5C1E1E5B71000FAE0A /* clear.png in Resources */,
				2EC1D1201E0C2D430087A8B1 /* lock.png in Resources */,
				2EC1D1231E0C2F820087A8B1 /* unlock.png in Resources */,
				2E9937BA1E1E5A590005D209 /* earth.png in Resources */,
				2E9937BC1E1E5A8B0005D209 /* unvalid.png in Resources */,
				2E9937BE1E1E5A900005D209 /* valid.png in Resources */,
				2EC1D0F21E0C25670087A8B1 /* LaunchScreen.storyboard in Resources */,
				2EC1D11D1E0C26560087A8B1 /* DummyViewController.xib in Resources */,
				2EC1D0EF1E0C25670087A8B1 /* Assets.xcassets in Resources */,
			);
			runOnlyForDeploymentPostprocessing = 0;
		};
		2EC1D0F61E0C25670087A8B1 /* Resources */ = {
			isa = PBXResourcesBuildPhase;
			buildActionMask = 2147483647;
			files = (
				2EC1D1211E0C2D430087A8B1 /* lock.png in Resources */,
				2EC1D1241E0C2F820087A8B1 /* unlock.png in Resources */,
			);
			runOnlyForDeploymentPostprocessing = 0;
		};
		2EC1D1011E0C25670087A8B1 /* Resources */ = {
			isa = PBXResourcesBuildPhase;
			buildActionMask = 2147483647;
			files = (
			);
			runOnlyForDeploymentPostprocessing = 0;
		};
/* End PBXResourcesBuildPhase section */

/* Begin PBXShellScriptBuildPhase section */
		3596FF8119F35297DEA6F664 /* [CP] Embed Pods Frameworks */ = {
			isa = PBXShellScriptBuildPhase;
			buildActionMask = 2147483647;
			files = (
			);
			inputPaths = (
			);
			name = "[CP] Embed Pods Frameworks";
			outputPaths = (
			);
			runOnlyForDeploymentPostprocessing = 0;
			shellPath = /bin/sh;
			shellScript = "\"${SRCROOT}/Pods/Target Support Files/Pods-DPBorderIconTextFieldTests/Pods-DPBorderIconTextFieldTests-frameworks.sh\"\n";
			showEnvVarsInLog = 0;
		};
		41D8D1F2C924ECABFC05E185 /* [CP] Copy Pods Resources */ = {
			isa = PBXShellScriptBuildPhase;
			buildActionMask = 2147483647;
			files = (
			);
			inputPaths = (
			);
			name = "[CP] Copy Pods Resources";
			outputPaths = (
			);
			runOnlyForDeploymentPostprocessing = 0;
			shellPath = /bin/sh;
			shellScript = "\"${SRCROOT}/Pods/Target Support Files/Pods-DPBorderIconTextFieldTests/Pods-DPBorderIconTextFieldTests-resources.sh\"\n";
			showEnvVarsInLog = 0;
		};
		5E342D7297614AFDF6C40EA4 /* [CP] Check Pods Manifest.lock */ = {
			isa = PBXShellScriptBuildPhase;
			buildActionMask = 2147483647;
			files = (
			);
			inputPaths = (
			);
			name = "[CP] Check Pods Manifest.lock";
			outputPaths = (
			);
			runOnlyForDeploymentPostprocessing = 0;
			shellPath = /bin/sh;
			shellScript = "diff \"${PODS_PODFILE_DIR_PATH}/Podfile.lock\" \"${PODS_ROOT}/Manifest.lock\" > /dev/null\nif [ $? != 0 ] ; then\n    # print error to STDERR\n    echo \"error: The sandbox is not in sync with the Podfile.lock. Run 'pod install' or update your CocoaPods installation.\" >&2\n    exit 1\nfi\n";
			showEnvVarsInLog = 0;
		};
		5FC9EBCD3E2630E9E73413DC /* [CP] Check Pods Manifest.lock */ = {
			isa = PBXShellScriptBuildPhase;
			buildActionMask = 2147483647;
			files = (
			);
			inputPaths = (
			);
			name = "[CP] Check Pods Manifest.lock";
			outputPaths = (
			);
			runOnlyForDeploymentPostprocessing = 0;
			shellPath = /bin/sh;
			shellScript = "diff \"${PODS_PODFILE_DIR_PATH}/Podfile.lock\" \"${PODS_ROOT}/Manifest.lock\" > /dev/null\nif [ $? != 0 ] ; then\n    # print error to STDERR\n    echo \"error: The sandbox is not in sync with the Podfile.lock. Run 'pod install' or update your CocoaPods installation.\" >&2\n    exit 1\nfi\n";
			showEnvVarsInLog = 0;
		};
		6A8D3D66FDD0307B39754895 /* [CP] Embed Pods Frameworks */ = {
			isa = PBXShellScriptBuildPhase;
			buildActionMask = 2147483647;
			files = (
			);
			inputPaths = (
			);
			name = "[CP] Embed Pods Frameworks";
			outputPaths = (
			);
			runOnlyForDeploymentPostprocessing = 0;
			shellPath = /bin/sh;
			shellScript = "\"${SRCROOT}/Pods/Target Support Files/Pods-DPBorderIconTextFieldUITests/Pods-DPBorderIconTextFieldUITests-frameworks.sh\"\n";
			showEnvVarsInLog = 0;
		};
		9FC3E77043E68464DCE5BB5E /* [CP] Embed Pods Frameworks */ = {
			isa = PBXShellScriptBuildPhase;
			buildActionMask = 2147483647;
			files = (
			);
			inputPaths = (
			);
			name = "[CP] Embed Pods Frameworks";
			outputPaths = (
			);
			runOnlyForDeploymentPostprocessing = 0;
			shellPath = /bin/sh;
			shellScript = "\"${SRCROOT}/Pods/Target Support Files/Pods-DPBorderIconTextField/Pods-DPBorderIconTextField-frameworks.sh\"\n";
			showEnvVarsInLog = 0;
		};
		AEFC03CC44D0323DDFFCC248 /* [CP] Check Pods Manifest.lock */ = {
			isa = PBXShellScriptBuildPhase;
			buildActionMask = 2147483647;
			files = (
			);
			inputPaths = (
			);
			name = "[CP] Check Pods Manifest.lock";
			outputPaths = (
			);
			runOnlyForDeploymentPostprocessing = 0;
			shellPath = /bin/sh;
			shellScript = "diff \"${PODS_PODFILE_DIR_PATH}/Podfile.lock\" \"${PODS_ROOT}/Manifest.lock\" > /dev/null\nif [ $? != 0 ] ; then\n    # print error to STDERR\n    echo \"error: The sandbox is not in sync with the Podfile.lock. Run 'pod install' or update your CocoaPods installation.\" >&2\n    exit 1\nfi\n";
			showEnvVarsInLog = 0;
		};
		D3AFCB0DE2E2C7BDF3C37945 /* [CP] Copy Pods Resources */ = {
			isa = PBXShellScriptBuildPhase;
			buildActionMask = 2147483647;
			files = (
			);
			inputPaths = (
			);
			name = "[CP] Copy Pods Resources";
			outputPaths = (
			);
			runOnlyForDeploymentPostprocessing = 0;
			shellPath = /bin/sh;
			shellScript = "\"${SRCROOT}/Pods/Target Support Files/Pods-DPBorderIconTextFieldUITests/Pods-DPBorderIconTextFieldUITests-resources.sh\"\n";
			showEnvVarsInLog = 0;
		};
		DE9245E7480F90F3B3E7A59E /* [CP] Copy Pods Resources */ = {
			isa = PBXShellScriptBuildPhase;
			buildActionMask = 2147483647;
			files = (
			);
			inputPaths = (
			);
			name = "[CP] Copy Pods Resources";
			outputPaths = (
			);
			runOnlyForDeploymentPostprocessing = 0;
			shellPath = /bin/sh;
			shellScript = "\"${SRCROOT}/Pods/Target Support Files/Pods-DPBorderIconTextField/Pods-DPBorderIconTextField-resources.sh\"\n";
			showEnvVarsInLog = 0;
		};
/* End PBXShellScriptBuildPhase section */

/* Begin PBXSourcesBuildPhase section */
		2EC1D0DB1E0C25670087A8B1 /* Sources */ = {
			isa = PBXSourcesBuildPhase;
			buildActionMask = 2147483647;
			files = (
				2EC1D0E71E0C25670087A8B1 /* AppDelegate.m in Sources */,
				2EC1D1181E0C25A80087A8B1 /* DPBorderIconTextField.m in Sources */,
				2EC1D0E41E0C25670087A8B1 /* main.m in Sources */,
				2EC1D11C1E0C26560087A8B1 /* DummyViewController.m in Sources */,
			);
			runOnlyForDeploymentPostprocessing = 0;
		};
		2EC1D0F41E0C25670087A8B1 /* Sources */ = {
			isa = PBXSourcesBuildPhase;
			buildActionMask = 2147483647;
			files = (
				2EBCB42C1E1D5FFF005573D0 /* DPBorderIconTextFieldRightIconTests.m in Sources */,
				2EC1D0FD1E0C25670087A8B1 /* DPBorderIconTextFieldTests.m in Sources */,
				2EAB7DE51E1E923A00B3BB57 /* DPBorderIconTextFieldPasswordTests.m in Sources */,
			);
			runOnlyForDeploymentPostprocessing = 0;
		};
		2EC1D0FF1E0C25670087A8B1 /* Sources */ = {
			isa = PBXSourcesBuildPhase;
			buildActionMask = 2147483647;
			files = (
				2EC1D1081E0C25670087A8B1 /* DPBorderIconTextFieldUITests.m in Sources */,
			);
			runOnlyForDeploymentPostprocessing = 0;
		};
/* End PBXSourcesBuildPhase section */

/* Begin PBXTargetDependency section */
		2EBC2BAC1F320A7C00F85875 /* PBXTargetDependency */ = {
			isa = PBXTargetDependency;
			target = 2EC1D0DE1E0C25670087A8B1 /* DPBorderIconTextField */;
			targetProxy = 2EBC2BAB1F320A7C00F85875 /* PBXContainerItemProxy */;
		};
		2EC1D1051E0C25670087A8B1 /* PBXTargetDependency */ = {
			isa = PBXTargetDependency;
			target = 2EC1D0DE1E0C25670087A8B1 /* DPBorderIconTextField */;
			targetProxy = 2EC1D1041E0C25670087A8B1 /* PBXContainerItemProxy */;
		};
/* End PBXTargetDependency section */

/* Begin PBXVariantGroup section */
		2EC1D0F01E0C25670087A8B1 /* LaunchScreen.storyboard */ = {
			isa = PBXVariantGroup;
			children = (
				2EC1D0F11E0C25670087A8B1 /* Base */,
			);
			name = LaunchScreen.storyboard;
			sourceTree = "<group>";
		};
/* End PBXVariantGroup section */

/* Begin XCBuildConfiguration section */
		2EC1D10A1E0C25670087A8B1 /* Debug */ = {
			isa = XCBuildConfiguration;
			buildSettings = {
				ALWAYS_SEARCH_USER_PATHS = NO;
				CLANG_ANALYZER_NONNULL = YES;
				CLANG_CXX_LANGUAGE_STANDARD = "gnu++0x";
				CLANG_CXX_LIBRARY = "libc++";
				CLANG_ENABLE_MODULES = YES;
				CLANG_ENABLE_OBJC_ARC = YES;
				CLANG_WARN_BOOL_CONVERSION = YES;
				CLANG_WARN_CONSTANT_CONVERSION = YES;
				CLANG_WARN_DIRECT_OBJC_ISA_USAGE = YES_ERROR;
				CLANG_WARN_DOCUMENTATION_COMMENTS = YES;
				CLANG_WARN_EMPTY_BODY = YES;
				CLANG_WARN_ENUM_CONVERSION = YES;
				CLANG_WARN_INFINITE_RECURSION = YES;
				CLANG_WARN_INT_CONVERSION = YES;
				CLANG_WARN_OBJC_ROOT_CLASS = YES_ERROR;
				CLANG_WARN_SUSPICIOUS_MOVE = YES;
				CLANG_WARN_UNREACHABLE_CODE = YES;
				CLANG_WARN__DUPLICATE_METHOD_MATCH = YES;
				"CODE_SIGN_IDENTITY[sdk=iphoneos*]" = "iPhone Developer";
				COPY_PHASE_STRIP = NO;
				DEBUG_INFORMATION_FORMAT = dwarf;
				ENABLE_STRICT_OBJC_MSGSEND = YES;
				ENABLE_TESTABILITY = YES;
				GCC_C_LANGUAGE_STANDARD = gnu99;
				GCC_DYNAMIC_NO_PIC = NO;
				GCC_NO_COMMON_BLOCKS = YES;
				GCC_OPTIMIZATION_LEVEL = 0;
				GCC_PREPROCESSOR_DEFINITIONS = (
					"DEBUG=1",
					"$(inherited)",
				);
				GCC_WARN_64_TO_32_BIT_CONVERSION = YES;
				GCC_WARN_ABOUT_RETURN_TYPE = YES_ERROR;
				GCC_WARN_UNDECLARED_SELECTOR = YES;
				GCC_WARN_UNINITIALIZED_AUTOS = YES_AGGRESSIVE;
				GCC_WARN_UNUSED_FUNCTION = YES;
				GCC_WARN_UNUSED_VARIABLE = YES;
				IPHONEOS_DEPLOYMENT_TARGET = 10.2;
				MTL_ENABLE_DEBUG_INFO = YES;
				ONLY_ACTIVE_ARCH = YES;
				SDKROOT = iphoneos;
			};
			name = Debug;
		};
		2EC1D10B1E0C25670087A8B1 /* Release */ = {
			isa = XCBuildConfiguration;
			buildSettings = {
				ALWAYS_SEARCH_USER_PATHS = NO;
				CLANG_ANALYZER_NONNULL = YES;
				CLANG_CXX_LANGUAGE_STANDARD = "gnu++0x";
				CLANG_CXX_LIBRARY = "libc++";
				CLANG_ENABLE_MODULES = YES;
				CLANG_ENABLE_OBJC_ARC = YES;
				CLANG_WARN_BOOL_CONVERSION = YES;
				CLANG_WARN_CONSTANT_CONVERSION = YES;
				CLANG_WARN_DIRECT_OBJC_ISA_USAGE = YES_ERROR;
				CLANG_WARN_DOCUMENTATION_COMMENTS = YES;
				CLANG_WARN_EMPTY_BODY = YES;
				CLANG_WARN_ENUM_CONVERSION = YES;
				CLANG_WARN_INFINITE_RECURSION = YES;
				CLANG_WARN_INT_CONVERSION = YES;
				CLANG_WARN_OBJC_ROOT_CLASS = YES_ERROR;
				CLANG_WARN_SUSPICIOUS_MOVE = YES;
				CLANG_WARN_UNREACHABLE_CODE = YES;
				CLANG_WARN__DUPLICATE_METHOD_MATCH = YES;
				"CODE_SIGN_IDENTITY[sdk=iphoneos*]" = "iPhone Developer";
				COPY_PHASE_STRIP = NO;
				DEBUG_INFORMATION_FORMAT = "dwarf-with-dsym";
				ENABLE_NS_ASSERTIONS = NO;
				ENABLE_STRICT_OBJC_MSGSEND = YES;
				GCC_C_LANGUAGE_STANDARD = gnu99;
				GCC_NO_COMMON_BLOCKS = YES;
				GCC_WARN_64_TO_32_BIT_CONVERSION = YES;
				GCC_WARN_ABOUT_RETURN_TYPE = YES_ERROR;
				GCC_WARN_UNDECLARED_SELECTOR = YES;
				GCC_WARN_UNINITIALIZED_AUTOS = YES_AGGRESSIVE;
				GCC_WARN_UNUSED_FUNCTION = YES;
				GCC_WARN_UNUSED_VARIABLE = YES;
				IPHONEOS_DEPLOYMENT_TARGET = 10.2;
				MTL_ENABLE_DEBUG_INFO = NO;
				SDKROOT = iphoneos;
				VALIDATE_PRODUCT = YES;
			};
			name = Release;
		};
		2EC1D10D1E0C25670087A8B1 /* Debug */ = {
			isa = XCBuildConfiguration;
			baseConfigurationReference = CB9630C90BF49EAB8344ED6B /* Pods-DPBorderIconTextField.debug.xcconfig */;
			buildSettings = {
				ASSETCATALOG_COMPILER_APPICON_NAME = AppIcon;
				DEVELOPMENT_TEAM = TK39262Y4K;
				INFOPLIST_FILE = DPBorderIconTextField/Info.plist;
				LD_RUNPATH_SEARCH_PATHS = "$(inherited) @executable_path/Frameworks";
				PRODUCT_BUNDLE_IDENTIFIER = com.kostasantonopoulos.DPBorderIconTextField;
				PRODUCT_NAME = "$(TARGET_NAME)";
			};
			name = Debug;
		};
		2EC1D10E1E0C25670087A8B1 /* Release */ = {
			isa = XCBuildConfiguration;
			baseConfigurationReference = 05224047A244B482805717AE /* Pods-DPBorderIconTextField.release.xcconfig */;
			buildSettings = {
				ASSETCATALOG_COMPILER_APPICON_NAME = AppIcon;
				DEVELOPMENT_TEAM = TK39262Y4K;
				INFOPLIST_FILE = DPBorderIconTextField/Info.plist;
				LD_RUNPATH_SEARCH_PATHS = "$(inherited) @executable_path/Frameworks";
				PRODUCT_BUNDLE_IDENTIFIER = com.kostasantonopoulos.DPBorderIconTextField;
				PRODUCT_NAME = "$(TARGET_NAME)";
			};
			name = Release;
		};
		2EC1D1101E0C25670087A8B1 /* Debug */ = {
			isa = XCBuildConfiguration;
			baseConfigurationReference = E6977EA5F24CD1199258F9F1 /* Pods-DPBorderIconTextFieldTests.debug.xcconfig */;
			buildSettings = {
				BUNDLE_LOADER = "$(TEST_HOST)";
				DEVELOPMENT_TEAM = "";
				INFOPLIST_FILE = DPBorderIconTextFieldTests/Info.plist;
				LD_RUNPATH_SEARCH_PATHS = "$(inherited) @executable_path/Frameworks @loader_path/Frameworks";
				PRODUCT_BUNDLE_IDENTIFIER = com.kostasantonopoulos.DPBorderIconTextFieldTests;
				PRODUCT_NAME = "$(TARGET_NAME)";
				PROVISIONING_PROFILE_SPECIFIER = "";
				TEST_HOST = "$(BUILT_PRODUCTS_DIR)/DPBorderIconTextField.app/DPBorderIconTextField";
			};
			name = Debug;
		};
		2EC1D1111E0C25670087A8B1 /* Release */ = {
			isa = XCBuildConfiguration;
			baseConfigurationReference = 91F82CEAE7DEDF1EE586E8FB /* Pods-DPBorderIconTextFieldTests.release.xcconfig */;
			buildSettings = {
				BUNDLE_LOADER = "$(TEST_HOST)";
				DEVELOPMENT_TEAM = "";
				INFOPLIST_FILE = DPBorderIconTextFieldTests/Info.plist;
				LD_RUNPATH_SEARCH_PATHS = "$(inherited) @executable_path/Frameworks @loader_path/Frameworks";
				PRODUCT_BUNDLE_IDENTIFIER = com.kostasantonopoulos.DPBorderIconTextFieldTests;
				PRODUCT_NAME = "$(TARGET_NAME)";
				PROVISIONING_PROFILE_SPECIFIER = "";
				TEST_HOST = "$(BUILT_PRODUCTS_DIR)/DPBorderIconTextField.app/DPBorderIconTextField";
			};
			name = Release;
		};
		2EC1D1131E0C25670087A8B1 /* Debug */ = {
			isa = XCBuildConfiguration;
			baseConfigurationReference = 34E31E85FEEDDD851D5CBE0E /* Pods-DPBorderIconTextFieldUITests.debug.xcconfig */;
			buildSettings = {
				DEVELOPMENT_TEAM = TK39262Y4K;
				INFOPLIST_FILE = DPBorderIconTextFieldUITests/Info.plist;
				LD_RUNPATH_SEARCH_PATHS = "$(inherited) @executable_path/Frameworks @loader_path/Frameworks";
				PRODUCT_BUNDLE_IDENTIFIER = com.kostasantonopoulos.DPBorderIconTextFieldUITests;
				PRODUCT_NAME = "$(TARGET_NAME)";
				TEST_TARGET_NAME = DPBorderIconTextField;
			};
			name = Debug;
		};
		2EC1D1141E0C25670087A8B1 /* Release */ = {
			isa = XCBuildConfiguration;
			baseConfigurationReference = 0F0938318B943C5AF78EEDAA /* Pods-DPBorderIconTextFieldUITests.release.xcconfig */;
			buildSettings = {
				DEVELOPMENT_TEAM = TK39262Y4K;
				INFOPLIST_FILE = DPBorderIconTextFieldUITests/Info.plist;
				LD_RUNPATH_SEARCH_PATHS = "$(inherited) @executable_path/Frameworks @loader_path/Frameworks";
				PRODUCT_BUNDLE_IDENTIFIER = com.kostasantonopoulos.DPBorderIconTextFieldUITests;
				PRODUCT_NAME = "$(TARGET_NAME)";
				TEST_TARGET_NAME = DPBorderIconTextField;
			};
			name = Release;
		};
/* End XCBuildConfiguration section */

/* Begin XCConfigurationList section */
		2EC1D0DA1E0C25670087A8B1 /* Build configuration list for PBXProject "DPBorderIconTextField" */ = {
			isa = XCConfigurationList;
			buildConfigurations = (
				2EC1D10A1E0C25670087A8B1 /* Debug */,
				2EC1D10B1E0C25670087A8B1 /* Release */,
			);
			defaultConfigurationIsVisible = 0;
			defaultConfigurationName = Release;
		};
		2EC1D10C1E0C25670087A8B1 /* Build configuration list for PBXNativeTarget "DPBorderIconTextField" */ = {
			isa = XCConfigurationList;
			buildConfigurations = (
				2EC1D10D1E0C25670087A8B1 /* Debug */,
				2EC1D10E1E0C25670087A8B1 /* Release */,
			);
			defaultConfigurationIsVisible = 0;
			defaultConfigurationName = Release;
		};
		2EC1D10F1E0C25670087A8B1 /* Build configuration list for PBXNativeTarget "DPBorderIconTextFieldTests" */ = {
			isa = XCConfigurationList;
			buildConfigurations = (
				2EC1D1101E0C25670087A8B1 /* Debug */,
				2EC1D1111E0C25670087A8B1 /* Release */,
			);
			defaultConfigurationIsVisible = 0;
			defaultConfigurationName = Release;
		};
		2EC1D1121E0C25670087A8B1 /* Build configuration list for PBXNativeTarget "DPBorderIconTextFieldUITests" */ = {
			isa = XCConfigurationList;
			buildConfigurations = (
				2EC1D1131E0C25670087A8B1 /* Debug */,
				2EC1D1141E0C25670087A8B1 /* Release */,
			);
			defaultConfigurationIsVisible = 0;
			defaultConfigurationName = Release;
		};
/* End XCConfigurationList section */
	};
	rootObject = 2EC1D0D71E0C25670087A8B1 /* Project object */;
}
